
Microsoft Visual Studio Solution File, Format Version 12.00
# Visual Studio Version 17
VisualStudioVersion = 17.12.35521.163 d17.12
MinimumVisualStudioVersion = 10.0.40219.1
Project("{FAE04EC0-301F-11D3-BF4B-00C04F79EFBC}") = "aoc", "aoc\aoc.csproj", "{769AEA03-74CC-459E-A042-5233768471BF}"
EndProject
Project("{FAE04EC0-301F-11D3-BF4B-00C04F79EFBC}") = "Classes", "AdventOfCode2024Classes\Classes.csproj", "{2405486C-548A-4167-B832-027A66742501}"
EndProject
Project("{FAE04EC0-301F-11D3-BF4B-00C04F79EFBC}") = "Tests", "AdventOfCode2024Tests\Tests.csproj", "{D2EEA906-433D-45E4-A204-34FED3B74446}"
EndProject
Global
	GlobalSection(SolutionConfigurationPlatforms) = preSolution
		Debug|Any CPU = Debug|Any CPU
		Release|Any CPU = Release|Any CPU
	EndGlobalSection
	GlobalSection(ProjectConfigurationPlatforms) = postSolution
		{769AEA03-74CC-459E-A042-5233768471BF}.Debug|Any CPU.ActiveCfg = Debug|Any CPU
		{769AEA03-74CC-459E-A042-5233768471BF}.Debug|Any CPU.Build.0 = Debug|Any CPU
		{769AEA03-74CC-459E-A042-5233768471BF}.Release|Any CPU.ActiveCfg = Release|Any CPU
		{769AEA03-74CC-459E-A042-5233768471BF}.Release|Any CPU.Build.0 = Release|Any CPU
		{2405486C-548A-4167-B832-027A66742501}.Debug|Any CPU.ActiveCfg = Debug|Any CPU
		{2405486C-548A-4167-B832-027A66742501}.Debug|Any CPU.Build.0 = Debug|Any CPU
		{2405486C-548A-4167-B832-027A66742501}.Release|Any CPU.ActiveCfg = Release|Any CPU
		{2405486C-548A-4167-B832-027A66742501}.Release|Any CPU.Build.0 = Release|Any CPU
		{D2EEA906-433D-45E4-A204-34FED3B74446}.Debug|Any CPU.ActiveCfg = Debug|Any CPU
		{D2EEA906-433D-45E4-A204-34FED3B74446}.Debug|Any CPU.Build.0 = Debug|Any CPU
		{D2EEA906-433D-45E4-A204-34FED3B74446}.Release|Any CPU.ActiveCfg = Release|Any CPU
		{D2EEA906-433D-45E4-A204-34FED3B74446}.Release|Any CPU.Build.0 = Release|Any CPU
	EndGlobalSection
	GlobalSection(SolutionProperties) = preSolution
		HideSolutionNode = FALSE
	EndGlobalSection
EndGlobal
